// !$*UTF8*$!
{
	archiveVersion = 1;
	classes = {
	};
	objectVersion = 46;
	objects = {

/* Begin PBXBuildFile section */
		205022F51DA98B2D00A9A096 /* AppDelegate.swift in Sources */ = {isa = PBXBuildFile; fileRef = 205022F41DA98B2D00A9A096 /* AppDelegate.swift */; };
		205022F71DA98B2D00A9A096 /* Assets.xcassets in Resources */ = {isa = PBXBuildFile; fileRef = 205022F61DA98B2D00A9A096 /* Assets.xcassets */; };
		205022FA1DA98B2D00A9A096 /* MainMenu.xib in Resources */ = {isa = PBXBuildFile; fileRef = 205022F81DA98B2D00A9A096 /* MainMenu.xib */; };
/* End PBXBuildFile section */

/* Begin PBXFileReference section */
		205022F11DA98B2D00A9A096 /* Hello World OS X.app */ = {isa = PBXFileReference; explicitFileType = wrapper.application; includeInIndex = 0; path = "Hello World OS X.app"; sourceTree = BUILT_PRODUCTS_DIR; };
		205022F41DA98B2D00A9A096 /* AppDelegate.swift */ = {isa = PBXFileReference; lastKnownFileType = sourcecode.swift; path = AppDelegate.swift; sourceTree = "<group>"; };
		205022F61DA98B2D00A9A096 /* Assets.xcassets */ = {isa = PBXFileReference; lastKnownFileType = folder.assetcatalog; path = Assets.xcassets; sourceTree = "<group>"; };
		205022F91DA98B2D00A9A096 /* Base */ = {isa = PBXFileReference; lastKnownFileType = file.xib; name = Base; path = Base.lproj/MainMenu.xib; sourceTree = "<group>"; };
		205022FB1DA98B2D00A9A096 /* Info.plist */ = {isa = PBXFileReference; lastKnownFileType = text.plist.xml; path = Info.plist; sourceTree = "<group>"; };
/* End PBXFileReference section */

/* Begin PBXFrameworksBuildPhase section */
		205022EE1DA98B2D00A9A096 /* Frameworks */ = {
			isa = PBXFrameworksBuildPhase;
			buildActionMask = 2147483647;
			files = (
			);
			runOnlyForDeploymentPostprocessing = 0;
		};
/* End PBXFrameworksBuildPhase section */

/* Begin PBXGroup section */
		205022E81DA98B2D00A9A096 = {
			isa = PBXGroup;
			children = (
				205022F31DA98B2D00A9A096 /* Hello World OS X */,
				205022F21DA98B2D00A9A096 /* Products */,
			);
			sourceTree = "<group>";
		};
		205022F21DA98B2D00A9A096 /* Products */ = {
			isa = PBXGroup;
			children = (
				205022F11DA98B2D00A9A096 /* Hello World OS X.app */,
			);
			name = Products;
			sourceTree = "<group>";
		};
		205022F31DA98B2D00A9A096 /* Hello World OS X */ = {
			isa = PBXGroup;
			children = (
				205022F41DA98B2D00A9A096 /* AppDelegate.swift */,
				205022F61DA98B2D00A9A096 /* Assets.xcassets */,
				205022F81DA98B2D00A9A096 /* MainMenu.xib */,
				205022FB1DA98B2D00A9A096 /* Info.plist */,
			);
			path = "Hello World OS X";
			sourceTree = "<group>";
		};
/* End PBXGroup section */

/* Begin PBXNativeTarget section */
		205022F01DA98B2D00A9A096 /* Hello World OS X */ = {
			isa = PBXNativeTarget;
			buildConfigurationList = 205022FE1DA98B2D00A9A096 /* Build configuration list for PBXNativeTarget "Hello World OS X" */;
			buildPhases = (
				205022ED1DA98B2D00A9A096 /* Sources */,
				205022EE1DA98B2D00A9A096 /* Frameworks */,
				205022EF1DA98B2D00A9A096 /* Resources */,
			);
			buildRules = (
			);
			dependencies = (
			);
			name = "Hello World OS X";
			productName = "Hello World OS X";
			productReference = 205022F11DA98B2D00A9A096 /* Hello World OS X.app */;
			productType = "com.apple.product-type.application";
		};
/* End PBXNativeTarget section */

/* Begin PBXProject section */
		205022E91DA98B2D00A9A096 /* Project object */ = {
			isa = PBXProject;
			attributes = {
				LastSwiftUpdateCheck = 0730;
				LastUpgradeCheck = 0730;
				ORGANIZATIONNAME = evandorn;
				TargetAttributes = {
					205022F01DA98B2D00A9A096 = {
						CreatedOnToolsVersion = 7.3;
					};
				};
			};
			buildConfigurationList = 205022EC1DA98B2D00A9A096 /* Build configuration list for PBXProject "Hello World OS X" */;
			compatibilityVersion = "Xcode 3.2";
			developmentRegion = English;
			hasScannedForEncodings = 0;
			knownRegions = (
				en,
				Base,
			);
			mainGroup = 205022E81DA98B2D00A9A096;
			productRefGroup = 205022F21DA98B2D00A9A096 /* Products */;
			projectDirPath = "";
			projectRoot = "";
			targets = (
				205022F01DA98B2D00A9A096 /* Hello World OS X */,
			);
		};
/* End PBXProject section */

/* Begin PBXResourcesBuildPhase section */
		205022EF1DA98B2D00A9A096 /* Resources */ = {
			isa = PBXResourcesBuildPhase;
			buildActionMask = 2147483647;
			files = (
				205022F71DA98B2D00A9A096 /* Assets.xcassets in Resources */,
				205022FA1DA98B2D00A9A096 /* MainMenu.xib in Resources */,
			);
			runOnlyForDeploymentPostprocessing = 0;
		};
/* End PBXResourcesBuildPhase section */

/* Begin PBXSourcesBuildPhase section */
		205022ED1DA98B2D00A9A096 /* Sources */ = {
			isa = PBXSourcesBuildPhase;
			buildActionMask = 2147483647;
			files = (
				205022F51DA98B2D00A9A096 /* AppDelegate.swift in Sources */,
			);
			runOnlyForDeploymentPostprocessing = 0;
		};
/* End PBXSourcesBuildPhase section */

/* Begin PBXVariantGroup section */
		205022F81DA98B2D00A9A096 /* MainMenu.xib */ = {
			isa = PBXVariantGroup;
			children = (
				205022F91DA98B2D00A9A096 /* Base */,
			);
			name = MainMenu.xib;
			sourceTree = "<group>";
		};
/* End PBXVariantGroup section */

/* Begin XCBuildConfiguration section */
		205022FC1DA98B2D00A9A096 /* Debug */ = {
			isa = XCBuildConfiguration;
			buildSettings = {
				ALWAYS_SEARCH_USER_PATHS = NO;
				CLANG_ANALYZER_NONNULL = YES;
				CLANG_CXX_LANGUAGE_STANDARD = "gnu++0x";
				CLANG_CXX_LIBRARY = "libc++";
				CLANG_ENABLE_MODULES = YES;
				CLANG_ENABLE_OBJC_ARC = YES;
				CLANG_WARN_BOOL_CONVERSION = YES;
				CLANG_WARN_CONSTANT_CONVERSION = YES;
				CLANG_WARN_DIRECT_OBJC_ISA_USAGE = YES_ERROR;
				CLANG_WARN_EMPTY_BODY = YES;
				CLANG_WARN_ENUM_CONVERSION = YES;
				CLANG_WARN_INT_CONVERSION = YES;
				CLANG_WARN_OBJC_ROOT_CLASS = YES_ERROR;
				CLANG_WARN_UNREACHABLE_CODE = YES;
				CLANG_WARN__DUPLICATE_METHOD_MATCH = YES;
				CODE_SIGN_IDENTITY = "-";
				COPY_PHASE_STRIP = NO;
				DEBUG_INFORMATION_FORMAT = dwarf;
				ENABLE_STRICT_OBJC_MSGSEND = YES;
				ENABLE_TESTABILITY = YES;
				GCC_C_LANGUAGE_STANDARD = gnu99;
				GCC_DYNAMIC_NO_PIC = NO;
				GCC_NO_COMMON_BLOCKS = YES;
				GCC_OPTIMIZATION_LEVEL = 0;
				GCC_PREPROCESSOR_DEFINITIONS = (
					"DEBUG=1",
					"$(inherited)",
				);
				GCC_WARN_64_TO_32_BIT_CONVERSION = YES;
				GCC_WARN_ABOUT_RETURN_TYPE = YES_ERROR;
				GCC_WARN_UNDECLARED_SELECTOR = YES;
				GCC_WARN_UNINITIALIZED_AUTOS = YES_AGGRESSIVE;
				GCC_WARN_UNUSED_FUNCTION = YES;
				GCC_WARN_UNUSED_VARIABLE = YES;
				MACOSX_DEPLOYMENT_TARGET = 10.11;
				MTL_ENABLE_DEBUG_INFO = YES;
				ONLY_ACTIVE_ARCH = YES;
				SDKROOT = macosx;
				SWIFT_OPTIMIZATION_LEVEL = "-Onone";
			};
			name = Debug;
		};
		205022FD1DA98B2D00A9A096 /* Release */ = {
			isa = XCBuildConfiguration;
			buildSettings = {
				ALWAYS_SEARCH_USER_PATHS = NO;
				CLANG_ANALYZER_NONNULL = YES;
				CLANG_CXX_LANGUAGE_STANDARD = "gnu++0x";
				CLANG_CXX_LIBRARY = "libc++";
				CLANG_ENABLE_MODULES = YES;
				CLANG_ENABLE_OBJC_ARC = YES;
				CLANG_WARN_BOOL_CONVERSION = YES;
				CLANG_WARN_CONSTANT_CONVERSION = YES;
				CLANG_WARN_DIRECT_OBJC_ISA_USAGE = YES_ERROR;
				CLANG_WARN_EMPTY_BODY = YES;
				CLANG_WARN_ENUM_CONVERSION = YES;
				CLANG_WARN_INT_CONVERSION = YES;
				CLANG_WARN_OBJC_ROOT_CLASS = YES_ERROR;
				CLANG_WARN_UNREACHABLE_CODE = YES;
				CLANG_WARN__DUPLICATE_METHOD_MATCH = YES;
				CODE_SIGN_IDENTITY = "-";
				COPY_PHASE_STRIP = NO;
				DEBUG_INFORMATION_FORMAT = "dwarf-with-dsym";
				ENABLE_NS_ASSERTIONS = NO;
				ENABLE_STRICT_OBJC_MSGSEND = YES;
				GCC_C_LANGUAGE_STANDARD = gnu99;
				GCC_NO_COMMON_BLOCKS = YES;
				GCC_WARN_64_TO_32_BIT_CONVERSION = YES;
				GCC_WARN_ABOUT_RETURN_TYPE = YES_ERROR;
				GCC_WARN_UNDECLARED_SELECTOR = YES;
				GCC_WARN_UNINITIALIZED_AUTOS = YES_AGGRESSIVE;
				GCC_WARN_UNUSED_FUNCTION = YES;
				GCC_WARN_UNUSED_VARIABLE = YES;
				MACOSX_DEPLOYMENT_TARGET = 10.11;
				MTL_ENABLE_DEBUG_INFO = NO;
				SDKROOT = macosx;
			};
			name = Release;
		};
		205022FF1DA98B2D00A9A096 /* Debug */ = {
			isa = XCBuildConfiguration;
			buildSettings = {
				ASSETCATALOG_COMPILER_APPICON_NAME = AppIcon;
				COMBINE_HIDPI_IMAGES = YES;
				INFOPLIST_FILE = "Hello World OS X/Info.plist";
				LD_RUNPATH_SEARCH_PATHS = "$(inherited) @executable_path/../Frameworks";
				PRODUCT_BUNDLE_IDENTIFIER = "com.evandorn.Hello-World-OS-X";
				PRODUCT_NAME = "$(TARGET_NAME)";
			};
			name = Debug;
		};
		205023001DA98B2D00A9A096 /* Release */ = {
			isa = XCBuildConfiguration;
			buildSettings = {
				ASSETCATALOG_COMPILER_APPICON_NAME = AppIcon;
				COMBINE_HIDPI_IMAGES = YES;
				INFOPLIST_FILE = "Hello World OS X/Info.plist";
				LD_RUNPATH_SEARCH_PATHS = "$(inherited) @executable_path/../Frameworks";
				PRODUCT_BUNDLE_IDENTIFIER = "com.evandorn.Hello-World-OS-X";
				PRODUCT_NAME = "$(TARGET_NAME)";
			};
			name = Release;
		};
/* End XCBuildConfiguration section */

/* Begin XCConfigurationList section */
		205022EC1DA98B2D00A9A096 /* Build configuration list for PBXProject "Hello World OS X" */ = {
			isa = XCConfigurationList;
			buildConfigurations = (
				205022FC1DA98B2D00A9A096 /* Debug */,
				205022FD1DA98B2D00A9A096 /* Release */,
			);
			defaultConfigurationIsVisible = 0;
			defaultConfigurationName = Release;
		};
		205022FE1DA98B2D00A9A096 /* Build configuration list for PBXNativeTarget "Hello World OS X" */ = {
			isa = XCConfigurationList;
			buildConfigurations = (
				205022FF1DA98B2D00A9A096 /* Debug */,
				205023001DA98B2D00A9A096 /* Release */,
			);
			defaultConfigurationIsVisible = 0;
		};
/* End XCConfigurationList section */
	};
	rootObject = 205022E91DA98B2D00A9A096 /* Project object */;
}
